// !$*UTF8*$!
{
	archiveVersion = 1;
	classes = {
	};
	objectVersion = 46;
	objects = {

/* Begin PBXCopyFilesBuildPhase section */
		A3E82EFB1A56C9DB00446A18 /* CopyFiles */ = {
			isa = PBXCopyFilesBuildPhase;
			buildActionMask = 2147483647;
			dstPath = /usr/share/man/man1/;
			dstSubfolderSpec = 0;
			files = (
			);
			runOnlyForDeploymentPostprocessing = 1;
		};
/* End PBXCopyFilesBuildPhase section */

/* Begin PBXFileReference section */
		A3E82EFD1A56C9DB00446A18 /* cucumber-xcode-formatter */ = {isa = PBXFileReference; explicitFileType = "compiled.mach-o.executable"; includeInIndex = 0; path = "cucumber-xcode-formatter"; sourceTree = BUILT_PRODUCTS_DIR; };
		A3E82F091A56CA9B00446A18 /* xcode_formatter.rb */ = {isa = PBXFileReference; lastKnownFileType = text.script.ruby; path = xcode_formatter.rb; sourceTree = "<group>"; };
		A3E82F0A1A56CA9B00446A18 /* xcode_formatter.feature */ = {isa = PBXFileReference; lastKnownFileType = text; path = xcode_formatter.feature; sourceTree = "<group>"; };
		A3E82F0B1A56CA9B00446A18 /* README.md */ = {isa = PBXFileReference; lastKnownFileType = net.daringfireball.markdown; path = README.md; sourceTree = "<group>"; };
/* End PBXFileReference section */

/* Begin PBXFrameworksBuildPhase section */
		A3E82EFA1A56C9DB00446A18 /* Frameworks */ = {
			isa = PBXFrameworksBuildPhase;
			buildActionMask = 2147483647;
			files = (
			);
			runOnlyForDeploymentPostprocessing = 0;
		};
/* End PBXFrameworksBuildPhase section */

/* Begin PBXGroup section */
		A3E82EF41A56C9DB00446A18 = {
			isa = PBXGroup;
			children = (
				A3E82F071A56CA9B00446A18 /* features */,
				A3E82F0B1A56CA9B00446A18 /* README.md */,
				A3E82EFE1A56C9DB00446A18 /* Products */,
			);
			sourceTree = "<group>";
		};
		A3E82EFE1A56C9DB00446A18 /* Products */ = {
			isa = PBXGroup;
			children = (
				A3E82EFD1A56C9DB00446A18 /* cucumber-xcode-formatter */,
			);
			name = Products;
			sourceTree = "<group>";
		};
		A3E82F071A56CA9B00446A18 /* features */ = {
			isa = PBXGroup;
			children = (
				A3E82F081A56CA9B00446A18 /* support */,
				A3E82F0A1A56CA9B00446A18 /* xcode_formatter.feature */,
			);
			path = features;
			sourceTree = "<group>";
		};
		A3E82F081A56CA9B00446A18 /* support */ = {
			isa = PBXGroup;
			children = (
				A3E82F091A56CA9B00446A18 /* xcode_formatter.rb */,
			);
			path = support;
			sourceTree = "<group>";
		};
/* End PBXGroup section */

/* Begin PBXNativeTarget section */
		A3E82EFC1A56C9DB00446A18 /* cucumber-xcode-formatter */ = {
			isa = PBXNativeTarget;
			buildConfigurationList = A3E82F041A56C9DB00446A18 /* Build configuration list for PBXNativeTarget "cucumber-xcode-formatter" */;
			buildPhases = (
				A3E82EF91A56C9DB00446A18 /* Sources */,
				A3E82EFA1A56C9DB00446A18 /* Frameworks */,
				A3E82EFB1A56C9DB00446A18 /* CopyFiles */,
			);
			buildRules = (
			);
			dependencies = (
			);
			name = "cucumber-xcode-formatter";
			productName = "cucumber-xcode-formatter";
			productReference = A3E82EFD1A56C9DB00446A18 /* cucumber-xcode-formatter */;
			productType = "com.apple.product-type.tool";
		};
/* End PBXNativeTarget section */

/* Begin PBXProject section */
		A3E82EF51A56C9DB00446A18 /* Project object */ = {
			isa = PBXProject;
			attributes = {
				LastUpgradeCheck = 0610;
				ORGANIZATIONNAME = "Replicated Solutions Limited";
				TargetAttributes = {
					A3E82EFC1A56C9DB00446A18 = {
						CreatedOnToolsVersion = 6.1.1;
					};
				};
			};
			buildConfigurationList = A3E82EF81A56C9DB00446A18 /* Build configuration list for PBXProject "cucumber-xcode-formatter" */;
			compatibilityVersion = "Xcode 3.2";
			developmentRegion = English;
			hasScannedForEncodings = 0;
			knownRegions = (
				en,
			);
			mainGroup = A3E82EF41A56C9DB00446A18;
			productRefGroup = A3E82EFE1A56C9DB00446A18 /* Products */;
			projectDirPath = "";
			projectRoot = "";
			targets = (
				A3E82EFC1A56C9DB00446A18 /* cucumber-xcode-formatter */,
			);
		};
/* End PBXProject section */

/* Begin PBXSourcesBuildPhase section */
		A3E82EF91A56C9DB00446A18 /* Sources */ = {
			isa = PBXSourcesBuildPhase;
			buildActionMask = 2147483647;
			files = (
			);
			runOnlyForDeploymentPostprocessing = 0;
		};
/* End PBXSourcesBuildPhase section */

/* Begin XCBuildConfiguration section */
		A3E82F021A56C9DB00446A18 /* Debug */ = {
			isa = XCBuildConfiguration;
			buildSettings = {
				ALWAYS_SEARCH_USER_PATHS = NO;
				CLANG_CXX_LANGUAGE_STANDARD = "gnu++0x";
				CLANG_CXX_LIBRARY = "libc++";
				CLANG_ENABLE_MODULES = YES;
				CLANG_ENABLE_OBJC_ARC = YES;
				CLANG_WARN_BOOL_CONVERSION = YES;
				CLANG_WARN_CONSTANT_CONVERSION = YES;
				CLANG_WARN_DIRECT_OBJC_ISA_USAGE = YES_ERROR;
				CLANG_WARN_EMPTY_BODY = YES;
				CLANG_WARN_ENUM_CONVERSION = YES;
				CLANG_WARN_INT_CONVERSION = YES;
				CLANG_WARN_OBJC_ROOT_CLASS = YES_ERROR;
				CLANG_WARN_UNREACHABLE_CODE = YES;
				CLANG_WARN__DUPLICATE_METHOD_MATCH = YES;
				COPY_PHASE_STRIP = NO;
				ENABLE_STRICT_OBJC_MSGSEND = YES;
				GCC_C_LANGUAGE_STANDARD = gnu99;
				GCC_DYNAMIC_NO_PIC = NO;
				GCC_OPTIMIZATION_LEVEL = 0;
				GCC_PREPROCESSOR_DEFINITIONS = (
					"DEBUG=1",
					"$(inherited)",
				);
				GCC_SYMBOLS_PRIVATE_EXTERN = NO;
				GCC_WARN_64_TO_32_BIT_CONVERSION = YES;
				GCC_WARN_ABOUT_RETURN_TYPE = YES_ERROR;
				GCC_WARN_UNDECLARED_SELECTOR = YES;
				GCC_WARN_UNINITIALIZED_AUTOS = YES_AGGRESSIVE;
				GCC_WARN_UNUSED_FUNCTION = YES;
				GCC_WARN_UNUSED_VARIABLE = YES;
				MACOSX_DEPLOYMENT_TARGET = 10.10;
				MTL_ENABLE_DEBUG_INFO = YES;
				ONLY_ACTIVE_ARCH = YES;
				SDKROOT = macosx;
			};
			name = Debug;
		};
		A3E82F031A56C9DB00446A18 /* Release */ = {
			isa = XCBuildConfiguration;
			buildSettings = {
				ALWAYS_SEARCH_USER_PATHS = NO;
				CLANG_CXX_LANGUAGE_STANDARD = "gnu++0x";
				CLANG_CXX_LIBRARY = "libc++";
				CLANG_ENABLE_MODULES = YES;
				CLANG_ENABLE_OBJC_ARC = YES;
				CLANG_WARN_BOOL_CONVERSION = YES;
				CLANG_WARN_CONSTANT_CONVERSION = YES;
				CLANG_WARN_DIRECT_OBJC_ISA_USAGE = YES_ERROR;
				CLANG_WARN_EMPTY_BODY = YES;
				CLANG_WARN_ENUM_CONVERSION = YES;
				CLANG_WARN_INT_CONVERSION = YES;
				CLANG_WARN_OBJC_ROOT_CLASS = YES_ERROR;
				CLANG_WARN_UNREACHABLE_CODE = YES;
				CLANG_WARN__DUPLICATE_METHOD_MATCH = YES;
				COPY_PHASE_STRIP = YES;
				DEBUG_INFORMATION_FORMAT = "dwarf-with-dsym";
				ENABLE_NS_ASSERTIONS = NO;
				ENABLE_STRICT_OBJC_MSGSEND = YES;
				GCC_C_LANGUAGE_STANDARD = gnu99;
				GCC_WARN_64_TO_32_BIT_CONVERSION = YES;
				GCC_WARN_ABOUT_RETURN_TYPE = YES_ERROR;
				GCC_WARN_UNDECLARED_SELECTOR = YES;
				GCC_WARN_UNINITIALIZED_AUTOS = YES_AGGRESSIVE;
				GCC_WARN_UNUSED_FUNCTION = YES;
				GCC_WARN_UNUSED_VARIABLE = YES;
				MACOSX_DEPLOYMENT_TARGET = 10.10;
				MTL_ENABLE_DEBUG_INFO = NO;
				SDKROOT = macosx;
			};
			name = Release;
		};
		A3E82F051A56C9DB00446A18 /* Debug */ = {
			isa = XCBuildConfiguration;
			buildSettings = {
				PRODUCT_NAME = "$(TARGET_NAME)";
			};
			name = Debug;
		};
		A3E82F061A56C9DB00446A18 /* Release */ = {
			isa = XCBuildConfiguration;
			buildSettings = {
				PRODUCT_NAME = "$(TARGET_NAME)";
			};
			name = Release;
		};
/* End XCBuildConfiguration section */

/* Begin XCConfigurationList section */
		A3E82EF81A56C9DB00446A18 /* Build configuration list for PBXProject "cucumber-xcode-formatter" */ = {
			isa = XCConfigurationList;
			buildConfigurations = (
				A3E82F021A56C9DB00446A18 /* Debug */,
				A3E82F031A56C9DB00446A18 /* Release */,
			);
			defaultConfigurationIsVisible = 0;
			defaultConfigurationName = Release;
		};
		A3E82F041A56C9DB00446A18 /* Build configuration list for PBXNativeTarget "cucumber-xcode-formatter" */ = {
			isa = XCConfigurationList;
			buildConfigurations = (
				A3E82F051A56C9DB00446A18 /* Debug */,
				A3E82F061A56C9DB00446A18 /* Release */,
			);
			defaultConfigurationIsVisible = 0;
			defaultConfigurationName = Release;
		};
/* End XCConfigurationList section */
	};
	rootObject = A3E82EF51A56C9DB00446A18 /* Project object */;
}
